// !$*UTF8*$!
{
	archiveVersion = 1;
	classes = {
	};
	objectVersion = 55;
	objects = {

/* Begin PBXBuildFile section */
		1791EEE928858A3200C35E62 /* AppDelegate.swift in Sources */ = {isa = PBXBuildFile; fileRef = 1791EEE828858A3200C35E62 /* AppDelegate.swift */; };
		1791EEEB28858A3200C35E62 /* SceneDelegate.swift in Sources */ = {isa = PBXBuildFile; fileRef = 1791EEEA28858A3200C35E62 /* SceneDelegate.swift */; };
		1791EEED28858A3200C35E62 /* MyMusicVC.swift in Sources */ = {isa = PBXBuildFile; fileRef = 1791EEEC28858A3200C35E62 /* MyMusicVC.swift */; };
		1791EEF028858A3200C35E62 /* Main.storyboard in Resources */ = {isa = PBXBuildFile; fileRef = 1791EEEE28858A3200C35E62 /* Main.storyboard */; };
		1791EEF228858A3300C35E62 /* Assets.xcassets in Resources */ = {isa = PBXBuildFile; fileRef = 1791EEF128858A3300C35E62 /* Assets.xcassets */; };
		1791EEF528858A3300C35E62 /* LaunchScreen.storyboard in Resources */ = {isa = PBXBuildFile; fileRef = 1791EEF328858A3300C35E62 /* LaunchScreen.storyboard */; };
		1791EEFD28859EA900C35E62 /* MainTabBarC.swift in Sources */ = {isa = PBXBuildFile; fileRef = 1791EEFC28859EA900C35E62 /* MainTabBarC.swift */; };
		1791EEFF2885A3E900C35E62 /* AllMusicVC.swift in Sources */ = {isa = PBXBuildFile; fileRef = 1791EEFE2885A3E900C35E62 /* AllMusicVC.swift */; };
		1791EF01288849F300C35E62 /* SearchResponse.swift in Sources */ = {isa = PBXBuildFile; fileRef = 1791EF00288849F300C35E62 /* SearchResponse.swift */; };
		1791EF032888B31900C35E62 /* NetworkService.swift in Sources */ = {isa = PBXBuildFile; fileRef = 1791EF022888B31900C35E62 /* NetworkService.swift */; };
		1791EF0C2888BC5400C35E62 /* AllMusicPresenter.swift in Sources */ = {isa = PBXBuildFile; fileRef = 1791EF052888BC5400C35E62 /* AllMusicPresenter.swift */; };
		1791EF0D2888BC5400C35E62 /* AllMusicWorker.swift in Sources */ = {isa = PBXBuildFile; fileRef = 1791EF062888BC5400C35E62 /* AllMusicWorker.swift */; };
		1791EF0E2888BC5400C35E62 /* AllMusicRouter.swift in Sources */ = {isa = PBXBuildFile; fileRef = 1791EF072888BC5400C35E62 /* AllMusicRouter.swift */; };
		1791EF0F2888BC5400C35E62 /* AllMusicModels.swift in Sources */ = {isa = PBXBuildFile; fileRef = 1791EF082888BC5400C35E62 /* AllMusicModels.swift */; };
		1791EF102888BC5400C35E62 /* AllMusicViewController.swift in Sources */ = {isa = PBXBuildFile; fileRef = 1791EF092888BC5400C35E62 /* AllMusicViewController.swift */; };
		1791EF112888BC5400C35E62 /* AllMusicInteractor.swift in Sources */ = {isa = PBXBuildFile; fileRef = 1791EF0A2888BC5400C35E62 /* AllMusicInteractor.swift */; };
		1791EF122888BC5400C35E62 /* AllMusicViewController.xib in Resources */ = {isa = PBXBuildFile; fileRef = 1791EF0B2888BC5400C35E62 /* AllMusicViewController.xib */; };
		31F15A4BC0B76BC3C4A01DBE /* Pods_MyMysic.framework in Frameworks */ = {isa = PBXBuildFile; fileRef = 18DDF356730227379238F1AA /* Pods_MyMysic.framework */; };
/* End PBXBuildFile section */

/* Begin PBXFileReference section */
		1791EEE528858A3200C35E62 /* MyMysic.app */ = {isa = PBXFileReference; explicitFileType = wrapper.application; includeInIndex = 0; path = MyMysic.app; sourceTree = BUILT_PRODUCTS_DIR; };
		1791EEE828858A3200C35E62 /* AppDelegate.swift */ = {isa = PBXFileReference; lastKnownFileType = sourcecode.swift; path = AppDelegate.swift; sourceTree = "<group>"; };
		1791EEEA28858A3200C35E62 /* SceneDelegate.swift */ = {isa = PBXFileReference; lastKnownFileType = sourcecode.swift; path = SceneDelegate.swift; sourceTree = "<group>"; };
		1791EEEC28858A3200C35E62 /* MyMusicVC.swift */ = {isa = PBXFileReference; lastKnownFileType = sourcecode.swift; path = MyMusicVC.swift; sourceTree = "<group>"; };
		1791EEEF28858A3200C35E62 /* Base */ = {isa = PBXFileReference; lastKnownFileType = file.storyboard; name = Base; path = Base.lproj/Main.storyboard; sourceTree = "<group>"; };
		1791EEF128858A3300C35E62 /* Assets.xcassets */ = {isa = PBXFileReference; lastKnownFileType = folder.assetcatalog; path = Assets.xcassets; sourceTree = "<group>"; };
		1791EEF428858A3300C35E62 /* Base */ = {isa = PBXFileReference; lastKnownFileType = file.storyboard; name = Base; path = Base.lproj/LaunchScreen.storyboard; sourceTree = "<group>"; };
		1791EEF628858A3300C35E62 /* Info.plist */ = {isa = PBXFileReference; lastKnownFileType = text.plist.xml; path = Info.plist; sourceTree = "<group>"; };
		1791EEFC28859EA900C35E62 /* MainTabBarC.swift */ = {isa = PBXFileReference; lastKnownFileType = sourcecode.swift; path = MainTabBarC.swift; sourceTree = "<group>"; };
		1791EEFE2885A3E900C35E62 /* AllMusicVC.swift */ = {isa = PBXFileReference; lastKnownFileType = sourcecode.swift; path = AllMusicVC.swift; sourceTree = "<group>"; };
		1791EF00288849F300C35E62 /* SearchResponse.swift */ = {isa = PBXFileReference; lastKnownFileType = sourcecode.swift; path = SearchResponse.swift; sourceTree = "<group>"; };
		1791EF022888B31900C35E62 /* NetworkService.swift */ = {isa = PBXFileReference; lastKnownFileType = sourcecode.swift; path = NetworkService.swift; sourceTree = "<group>"; };
		1791EF052888BC5400C35E62 /* AllMusicPresenter.swift */ = {isa = PBXFileReference; lastKnownFileType = sourcecode.swift; path = AllMusicPresenter.swift; sourceTree = "<group>"; };
		1791EF062888BC5400C35E62 /* AllMusicWorker.swift */ = {isa = PBXFileReference; lastKnownFileType = sourcecode.swift; path = AllMusicWorker.swift; sourceTree = "<group>"; };
		1791EF072888BC5400C35E62 /* AllMusicRouter.swift */ = {isa = PBXFileReference; lastKnownFileType = sourcecode.swift; path = AllMusicRouter.swift; sourceTree = "<group>"; };
		1791EF082888BC5400C35E62 /* AllMusicModels.swift */ = {isa = PBXFileReference; lastKnownFileType = sourcecode.swift; path = AllMusicModels.swift; sourceTree = "<group>"; };
		1791EF092888BC5400C35E62 /* AllMusicViewController.swift */ = {isa = PBXFileReference; lastKnownFileType = sourcecode.swift; path = AllMusicViewController.swift; sourceTree = "<group>"; };
		1791EF0A2888BC5400C35E62 /* AllMusicInteractor.swift */ = {isa = PBXFileReference; lastKnownFileType = sourcecode.swift; path = AllMusicInteractor.swift; sourceTree = "<group>"; };
		1791EF0B2888BC5400C35E62 /* AllMusicViewController.xib */ = {isa = PBXFileReference; lastKnownFileType = file.xib; path = AllMusicViewController.xib; sourceTree = "<group>"; };
		18DDF356730227379238F1AA /* Pods_MyMysic.framework */ = {isa = PBXFileReference; explicitFileType = wrapper.framework; includeInIndex = 0; path = Pods_MyMysic.framework; sourceTree = BUILT_PRODUCTS_DIR; };
		C369B4881EA77D540CD04F1A /* Pods-MyMysic.debug.xcconfig */ = {isa = PBXFileReference; includeInIndex = 1; lastKnownFileType = text.xcconfig; name = "Pods-MyMysic.debug.xcconfig"; path = "Target Support Files/Pods-MyMysic/Pods-MyMysic.debug.xcconfig"; sourceTree = "<group>"; };
		D3552AA5F1BA772AC7710D6B /* Pods-MyMysic.release.xcconfig */ = {isa = PBXFileReference; includeInIndex = 1; lastKnownFileType = text.xcconfig; name = "Pods-MyMysic.release.xcconfig"; path = "Target Support Files/Pods-MyMysic/Pods-MyMysic.release.xcconfig"; sourceTree = "<group>"; };
/* End PBXFileReference section */

/* Begin PBXFrameworksBuildPhase section */
		1791EEE228858A3200C35E62 /* Frameworks */ = {
			isa = PBXFrameworksBuildPhase;
			buildActionMask = 2147483647;
			files = (
				31F15A4BC0B76BC3C4A01DBE /* Pods_MyMysic.framework in Frameworks */,
			);
			runOnlyForDeploymentPostprocessing = 0;
		};
/* End PBXFrameworksBuildPhase section */

/* Begin PBXGroup section */
		1791EEDC28858A3200C35E62 = {
			isa = PBXGroup;
			children = (
				1791EEE728858A3200C35E62 /* MyMysic */,
				1791EEE628858A3200C35E62 /* Products */,
				A8F62EEA65E28233B9DBE664 /* Pods */,
				2E1636BDCC472F3D86339CBD /* Frameworks */,
			);
			sourceTree = "<group>";
		};
		1791EEE628858A3200C35E62 /* Products */ = {
			isa = PBXGroup;
			children = (
				1791EEE528858A3200C35E62 /* MyMysic.app */,
			);
			name = Products;
			sourceTree = "<group>";
		};
		1791EEE728858A3200C35E62 /* MyMysic */ = {
			isa = PBXGroup;
			children = (
				1791EEE828858A3200C35E62 /* AppDelegate.swift */,
				1791EEEA28858A3200C35E62 /* SceneDelegate.swift */,
				1791EF042888BC0C00C35E62 /* AllMusic */,
				1791EEEC28858A3200C35E62 /* MyMusicVC.swift */,
				1791EEFC28859EA900C35E62 /* MainTabBarC.swift */,
				1791EEFE2885A3E900C35E62 /* AllMusicVC.swift */,
				1791EF132888BCB200C35E62 /* Services */,
				1791EF00288849F300C35E62 /* SearchResponse.swift */,
				1791EEEE28858A3200C35E62 /* Main.storyboard */,
				1791EEF128858A3300C35E62 /* Assets.xcassets */,
				1791EEF328858A3300C35E62 /* LaunchScreen.storyboard */,
				1791EEF628858A3300C35E62 /* Info.plist */,
			);
			path = MyMysic;
			sourceTree = "<group>";
		};
		1791EF042888BC0C00C35E62 /* AllMusic */ = {
			isa = PBXGroup;
			children = (
				1791EF0B2888BC5400C35E62 /* AllMusicViewController.xib */,
				1791EF092888BC5400C35E62 /* AllMusicViewController.swift */,
				1791EF0A2888BC5400C35E62 /* AllMusicInteractor.swift */,
				1791EF052888BC5400C35E62 /* AllMusicPresenter.swift */,
				1791EF082888BC5400C35E62 /* AllMusicModels.swift */,
				1791EF062888BC5400C35E62 /* AllMusicWorker.swift */,
				1791EF072888BC5400C35E62 /* AllMusicRouter.swift */,
			);
			path = AllMusic;
			sourceTree = "<group>";
		};
		1791EF132888BCB200C35E62 /* Services */ = {
			isa = PBXGroup;
			children = (
				1791EF022888B31900C35E62 /* NetworkService.swift */,
			);
			path = Services;
			sourceTree = "<group>";
		};
		2E1636BDCC472F3D86339CBD /* Frameworks */ = {
			isa = PBXGroup;
			children = (
				18DDF356730227379238F1AA /* Pods_MyMysic.framework */,
			);
			name = Frameworks;
			sourceTree = "<group>";
		};
		A8F62EEA65E28233B9DBE664 /* Pods */ = {
			isa = PBXGroup;
			children = (
				C369B4881EA77D540CD04F1A /* Pods-MyMysic.debug.xcconfig */,
				D3552AA5F1BA772AC7710D6B /* Pods-MyMysic.release.xcconfig */,
			);
			path = Pods;
			sourceTree = "<group>";
		};
/* End PBXGroup section */

/* Begin PBXNativeTarget section */
		1791EEE428858A3200C35E62 /* MyMysic */ = {
			isa = PBXNativeTarget;
			buildConfigurationList = 1791EEF928858A3300C35E62 /* Build configuration list for PBXNativeTarget "MyMysic" */;
			buildPhases = (
				3F0578DFC3B9E2785036FA6B /* [CP] Check Pods Manifest.lock */,
				1791EEE128858A3200C35E62 /* Sources */,
				1791EEE228858A3200C35E62 /* Frameworks */,
				1791EEE328858A3200C35E62 /* Resources */,
				24E16ACD38B18A07B0110F39 /* [CP] Embed Pods Frameworks */,
			);
			buildRules = (
			);
			dependencies = (
			);
			name = MyMysic;
			productName = MyMysic;
			productReference = 1791EEE528858A3200C35E62 /* MyMysic.app */;
			productType = "com.apple.product-type.application";
		};
/* End PBXNativeTarget section */

/* Begin PBXProject section */
		1791EEDD28858A3200C35E62 /* Project object */ = {
			isa = PBXProject;
			attributes = {
				BuildIndependentTargetsInParallel = 1;
				LastSwiftUpdateCheck = 1320;
				LastUpgradeCheck = 1320;
				TargetAttributes = {
					1791EEE428858A3200C35E62 = {
						CreatedOnToolsVersion = 13.2;
					};
				};
			};
			buildConfigurationList = 1791EEE028858A3200C35E62 /* Build configuration list for PBXProject "MyMysic" */;
			compatibilityVersion = "Xcode 13.0";
			developmentRegion = en;
			hasScannedForEncodings = 0;
			knownRegions = (
				en,
				Base,
			);
			mainGroup = 1791EEDC28858A3200C35E62;
			productRefGroup = 1791EEE628858A3200C35E62 /* Products */;
			projectDirPath = "";
			projectRoot = "";
			targets = (
				1791EEE428858A3200C35E62 /* MyMysic */,
			);
		};
/* End PBXProject section */

/* Begin PBXResourcesBuildPhase section */
		1791EEE328858A3200C35E62 /* Resources */ = {
			isa = PBXResourcesBuildPhase;
			buildActionMask = 2147483647;
			files = (
				1791EF122888BC5400C35E62 /* AllMusicViewController.xib in Resources */,
				1791EEF528858A3300C35E62 /* LaunchScreen.storyboard in Resources */,
				1791EEF228858A3300C35E62 /* Assets.xcassets in Resources */,
				1791EEF028858A3200C35E62 /* Main.storyboard in Resources */,
			);
			runOnlyForDeploymentPostprocessing = 0;
		};
/* End PBXResourcesBuildPhase section */

/* Begin PBXShellScriptBuildPhase section */
		24E16ACD38B18A07B0110F39 /* [CP] Embed Pods Frameworks */ = {
			isa = PBXShellScriptBuildPhase;
			buildActionMask = 2147483647;
			files = (
			);
			inputFileListPaths = (
				"${PODS_ROOT}/Target Support Files/Pods-MyMysic/Pods-MyMysic-frameworks-${CONFIGURATION}-input-files.xcfilelist",
			);
			name = "[CP] Embed Pods Frameworks";
			outputFileListPaths = (
				"${PODS_ROOT}/Target Support Files/Pods-MyMysic/Pods-MyMysic-frameworks-${CONFIGURATION}-output-files.xcfilelist",
			);
			runOnlyForDeploymentPostprocessing = 0;
			shellPath = /bin/sh;
			shellScript = "\"${PODS_ROOT}/Target Support Files/Pods-MyMysic/Pods-MyMysic-frameworks.sh\"\n";
			showEnvVarsInLog = 0;
		};
		3F0578DFC3B9E2785036FA6B /* [CP] Check Pods Manifest.lock */ = {
			isa = PBXShellScriptBuildPhase;
			buildActionMask = 2147483647;
			files = (
			);
			inputFileListPaths = (
			);
			inputPaths = (
				"${PODS_PODFILE_DIR_PATH}/Podfile.lock",
				"${PODS_ROOT}/Manifest.lock",
			);
			name = "[CP] Check Pods Manifest.lock";
			outputFileListPaths = (
			);
			outputPaths = (
				"$(DERIVED_FILE_DIR)/Pods-MyMysic-checkManifestLockResult.txt",
			);
			runOnlyForDeploymentPostprocessing = 0;
			shellPath = /bin/sh;
			shellScript = "diff \"${PODS_PODFILE_DIR_PATH}/Podfile.lock\" \"${PODS_ROOT}/Manifest.lock\" > /dev/null\nif [ $? != 0 ] ; then\n    # print error to STDERR\n    echo \"error: The sandbox is not in sync with the Podfile.lock. Run 'pod install' or update your CocoaPods installation.\" >&2\n    exit 1\nfi\n# This output is used by Xcode 'outputs' to avoid re-running this script phase.\necho \"SUCCESS\" > \"${SCRIPT_OUTPUT_FILE_0}\"\n";
			showEnvVarsInLog = 0;
		};
/* End PBXShellScriptBuildPhase section */

/* Begin PBXSourcesBuildPhase section */
		1791EEE128858A3200C35E62 /* Sources */ = {
			isa = PBXSourcesBuildPhase;
			buildActionMask = 2147483647;
			files = (
				1791EF01288849F300C35E62 /* SearchResponse.swift in Sources */,
				1791EEFF2885A3E900C35E62 /* AllMusicVC.swift in Sources */,
				1791EEFD28859EA900C35E62 /* MainTabBarC.swift in Sources */,
				1791EEED28858A3200C35E62 /* MyMusicVC.swift in Sources */,
				1791EF102888BC5400C35E62 /* AllMusicViewController.swift in Sources */,
				1791EF112888BC5400C35E62 /* AllMusicInteractor.swift in Sources */,
				1791EF0C2888BC5400C35E62 /* AllMusicPresenter.swift in Sources */,
				1791EEE928858A3200C35E62 /* AppDelegate.swift in Sources */,
				1791EEEB28858A3200C35E62 /* SceneDelegate.swift in Sources */,
				1791EF032888B31900C35E62 /* NetworkService.swift in Sources */,
				1791EF0E2888BC5400C35E62 /* AllMusicRouter.swift in Sources */,
				1791EF0F2888BC5400C35E62 /* AllMusicModels.swift in Sources */,
				1791EF0D2888BC5400C35E62 /* AllMusicWorker.swift in Sources */,
			);
			runOnlyForDeploymentPostprocessing = 0;
		};
/* End PBXSourcesBuildPhase section */

/* Begin PBXVariantGroup section */
		1791EEEE28858A3200C35E62 /* Main.storyboard */ = {
			isa = PBXVariantGroup;
			children = (
				1791EEEF28858A3200C35E62 /* Base */,
			);
			name = Main.storyboard;
			sourceTree = "<group>";
		};
		1791EEF328858A3300C35E62 /* LaunchScreen.storyboard */ = {
			isa = PBXVariantGroup;
			children = (
				1791EEF428858A3300C35E62 /* Base */,
			);
			name = LaunchScreen.storyboard;
			sourceTree = "<group>";
		};
/* End PBXVariantGroup section */

/* Begin XCBuildConfiguration section */
		1791EEF728858A3300C35E62 /* Debug */ = {
			isa = XCBuildConfiguration;
			buildSettings = {
				ALWAYS_SEARCH_USER_PATHS = NO;
				CLANG_ANALYZER_NONNULL = YES;
				CLANG_ANALYZER_NUMBER_OBJECT_CONVERSION = YES_AGGRESSIVE;
				CLANG_CXX_LANGUAGE_STANDARD = "gnu++17";
				CLANG_CXX_LIBRARY = "libc++";
				CLANG_ENABLE_MODULES = YES;
				CLANG_ENABLE_OBJC_ARC = YES;
				CLANG_ENABLE_OBJC_WEAK = YES;
				CLANG_WARN_BLOCK_CAPTURE_AUTORELEASING = YES;
				CLANG_WARN_BOOL_CONVERSION = YES;
				CLANG_WARN_COMMA = YES;
				CLANG_WARN_CONSTANT_CONVERSION = YES;
				CLANG_WARN_DEPRECATED_OBJC_IMPLEMENTATIONS = YES;
				CLANG_WARN_DIRECT_OBJC_ISA_USAGE = YES_ERROR;
				CLANG_WARN_DOCUMENTATION_COMMENTS = YES;
				CLANG_WARN_EMPTY_BODY = YES;
				CLANG_WARN_ENUM_CONVERSION = YES;
				CLANG_WARN_INFINITE_RECURSION = YES;
				CLANG_WARN_INT_CONVERSION = YES;
				CLANG_WARN_NON_LITERAL_NULL_CONVERSION = YES;
				CLANG_WARN_OBJC_IMPLICIT_RETAIN_SELF = YES;
				CLANG_WARN_OBJC_LITERAL_CONVERSION = YES;
				CLANG_WARN_OBJC_ROOT_CLASS = YES_ERROR;
				CLANG_WARN_QUOTED_INCLUDE_IN_FRAMEWORK_HEADER = YES;
				CLANG_WARN_RANGE_LOOP_ANALYSIS = YES;
				CLANG_WARN_STRICT_PROTOTYPES = YES;
				CLANG_WARN_SUSPICIOUS_MOVE = YES;
				CLANG_WARN_UNGUARDED_AVAILABILITY = YES_AGGRESSIVE;
				CLANG_WARN_UNREACHABLE_CODE = YES;
				CLANG_WARN__DUPLICATE_METHOD_MATCH = YES;
				COPY_PHASE_STRIP = NO;
				DEBUG_INFORMATION_FORMAT = dwarf;
				ENABLE_STRICT_OBJC_MSGSEND = YES;
				ENABLE_TESTABILITY = YES;
				GCC_C_LANGUAGE_STANDARD = gnu11;
				GCC_DYNAMIC_NO_PIC = NO;
				GCC_NO_COMMON_BLOCKS = YES;
				GCC_OPTIMIZATION_LEVEL = 0;
				GCC_PREPROCESSOR_DEFINITIONS = (
					"DEBUG=1",
					"$(inherited)",
				);
				GCC_WARN_64_TO_32_BIT_CONVERSION = YES;
				GCC_WARN_ABOUT_RETURN_TYPE = YES_ERROR;
				GCC_WARN_UNDECLARED_SELECTOR = YES;
				GCC_WARN_UNINITIALIZED_AUTOS = YES_AGGRESSIVE;
				GCC_WARN_UNUSED_FUNCTION = YES;
				GCC_WARN_UNUSED_VARIABLE = YES;
				IPHONEOS_DEPLOYMENT_TARGET = 15.2;
				MTL_ENABLE_DEBUG_INFO = INCLUDE_SOURCE;
				MTL_FAST_MATH = YES;
				ONLY_ACTIVE_ARCH = YES;
				SDKROOT = iphoneos;
				SWIFT_ACTIVE_COMPILATION_CONDITIONS = DEBUG;
				SWIFT_OPTIMIZATION_LEVEL = "-Onone";
			};
			name = Debug;
		};
		1791EEF828858A3300C35E62 /* Release */ = {
			isa = XCBuildConfiguration;
			buildSettings = {
				ALWAYS_SEARCH_USER_PATHS = NO;
				CLANG_ANALYZER_NONNULL = YES;
				CLANG_ANALYZER_NUMBER_OBJECT_CONVERSION = YES_AGGRESSIVE;
				CLANG_CXX_LANGUAGE_STANDARD = "gnu++17";
				CLANG_CXX_LIBRARY = "libc++";
				CLANG_ENABLE_MODULES = YES;
				CLANG_ENABLE_OBJC_ARC = YES;
				CLANG_ENABLE_OBJC_WEAK = YES;
				CLANG_WARN_BLOCK_CAPTURE_AUTORELEASING = YES;
				CLANG_WARN_BOOL_CONVERSION = YES;
				CLANG_WARN_COMMA = YES;
				CLANG_WARN_CONSTANT_CONVERSION = YES;
				CLANG_WARN_DEPRECATED_OBJC_IMPLEMENTATIONS = YES;
				CLANG_WARN_DIRECT_OBJC_ISA_USAGE = YES_ERROR;
				CLANG_WARN_DOCUMENTATION_COMMENTS = YES;
				CLANG_WARN_EMPTY_BODY = YES;
				CLANG_WARN_ENUM_CONVERSION = YES;
				CLANG_WARN_INFINITE_RECURSION = YES;
				CLANG_WARN_INT_CONVERSION = YES;
				CLANG_WARN_NON_LITERAL_NULL_CONVERSION = YES;
				CLANG_WARN_OBJC_IMPLICIT_RETAIN_SELF = YES;
				CLANG_WARN_OBJC_LITERAL_CONVERSION = YES;
				CLANG_WARN_OBJC_ROOT_CLASS = YES_ERROR;
				CLANG_WARN_QUOTED_INCLUDE_IN_FRAMEWORK_HEADER = YES;
				CLANG_WARN_RANGE_LOOP_ANALYSIS = YES;
				CLANG_WARN_STRICT_PROTOTYPES = YES;
				CLANG_WARN_SUSPICIOUS_MOVE = YES;
				CLANG_WARN_UNGUARDED_AVAILABILITY = YES_AGGRESSIVE;
				CLANG_WARN_UNREACHABLE_CODE = YES;
				CLANG_WARN__DUPLICATE_METHOD_MATCH = YES;
				COPY_PHASE_STRIP = NO;
				DEBUG_INFORMATION_FORMAT = "dwarf-with-dsym";
				ENABLE_NS_ASSERTIONS = NO;
				ENABLE_STRICT_OBJC_MSGSEND = YES;
				GCC_C_LANGUAGE_STANDARD = gnu11;
				GCC_NO_COMMON_BLOCKS = YES;
				GCC_WARN_64_TO_32_BIT_CONVERSION = YES;
				GCC_WARN_ABOUT_RETURN_TYPE = YES_ERROR;
				GCC_WARN_UNDECLARED_SELECTOR = YES;
				GCC_WARN_UNINITIALIZED_AUTOS = YES_AGGRESSIVE;
				GCC_WARN_UNUSED_FUNCTION = YES;
				GCC_WARN_UNUSED_VARIABLE = YES;
				IPHONEOS_DEPLOYMENT_TARGET = 15.2;
				MTL_ENABLE_DEBUG_INFO = NO;
				MTL_FAST_MATH = YES;
				SDKROOT = iphoneos;
				SWIFT_COMPILATION_MODE = wholemodule;
				SWIFT_OPTIMIZATION_LEVEL = "-O";
				VALIDATE_PRODUCT = YES;
			};
			name = Release;
		};
		1791EEFA28858A3300C35E62 /* Debug */ = {
			isa = XCBuildConfiguration;
			baseConfigurationReference = C369B4881EA77D540CD04F1A /* Pods-MyMysic.debug.xcconfig */;
			buildSettings = {
				ASSETCATALOG_COMPILER_APPICON_NAME = AppIcon;
				ASSETCATALOG_COMPILER_GLOBAL_ACCENT_COLOR_NAME = AccentColor;
				CODE_SIGN_STYLE = Automatic;
				CURRENT_PROJECT_VERSION = 1;
				DEVELOPMENT_TEAM = N5R82RFL53;
				GENERATE_INFOPLIST_FILE = YES;
				INFOPLIST_FILE = MyMysic/Info.plist;
				INFOPLIST_KEY_UIApplicationSupportsIndirectInputEvents = YES;
				INFOPLIST_KEY_UILaunchStoryboardName = LaunchScreen;
				INFOPLIST_KEY_UIMainStoryboardFile = Main;
				INFOPLIST_KEY_UISupportedInterfaceOrientations_iPad = "UIInterfaceOrientationPortrait UIInterfaceOrientationPortraitUpsideDown UIInterfaceOrientationLandscapeLeft UIInterfaceOrientationLandscapeRight";
				INFOPLIST_KEY_UISupportedInterfaceOrientations_iPhone = "UIInterfaceOrientationPortrait UIInterfaceOrientationLandscapeLeft UIInterfaceOrientationLandscapeRight";
				LD_RUNPATH_SEARCH_PATHS = (
					"$(inherited)",
					"@executable_path/Frameworks",
				);
				MARKETING_VERSION = 1.0;
				PRODUCT_BUNDLE_IDENTIFIER = A.N.MyMysic;
				PRODUCT_NAME = "$(TARGET_NAME)";
				SWIFT_EMIT_LOC_STRINGS = YES;
				SWIFT_VERSION = 5.0;
				TARGETED_DEVICE_FAMILY = "1,2";
			};
			name = Debug;
		};
		1791EEFB28858A3300C35E62 /* Release */ = {
			isa = XCBuildConfiguration;
			baseConfigurationReference = D3552AA5F1BA772AC7710D6B /* Pods-MyMysic.release.xcconfig */;
			buildSettings = {
				ASSETCATALOG_COMPILER_APPICON_NAME = AppIcon;
				ASSETCATALOG_COMPILER_GLOBAL_ACCENT_COLOR_NAME = AccentColor;
				CODE_SIGN_STYLE = Automatic;
				CURRENT_PROJECT_VERSION = 1;
				DEVELOPMENT_TEAM = N5R82RFL53;
				GENERATE_INFOPLIST_FILE = YES;
				INFOPLIST_FILE = MyMysic/Info.plist;
				INFOPLIST_KEY_UIApplicationSupportsIndirectInputEvents = YES;
				INFOPLIST_KEY_UILaunchStoryboardName = LaunchScreen;
				INFOPLIST_KEY_UIMainStoryboardFile = Main;
				INFOPLIST_KEY_UISupportedInterfaceOrientations_iPad = "UIInterfaceOrientationPortrait UIInterfaceOrientationPortraitUpsideDown UIInterfaceOrientationLandscapeLeft UIInterfaceOrientationLandscapeRight";
				INFOPLIST_KEY_UISupportedInterfaceOrientations_iPhone = "UIInterfaceOrientationPortrait UIInterfaceOrientationLandscapeLeft UIInterfaceOrientationLandscapeRight";
				LD_RUNPATH_SEARCH_PATHS = (
					"$(inherited)",
					"@executable_path/Frameworks",
				);
				MARKETING_VERSION = 1.0;
				PRODUCT_BUNDLE_IDENTIFIER = A.N.MyMysic;
				PRODUCT_NAME = "$(TARGET_NAME)";
				SWIFT_EMIT_LOC_STRINGS = YES;
				SWIFT_VERSION = 5.0;
				TARGETED_DEVICE_FAMILY = "1,2";
			};
			name = Release;
		};
/* End XCBuildConfiguration section */

/* Begin XCConfigurationList section */
		1791EEE028858A3200C35E62 /* Build configuration list for PBXProject "MyMysic" */ = {
			isa = XCConfigurationList;
			buildConfigurations = (
				1791EEF728858A3300C35E62 /* Debug */,
				1791EEF828858A3300C35E62 /* Release */,
			);
			defaultConfigurationIsVisible = 0;
			defaultConfigurationName = Release;
		};
		1791EEF928858A3300C35E62 /* Build configuration list for PBXNativeTarget "MyMysic" */ = {
			isa = XCConfigurationList;
			buildConfigurations = (
				1791EEFA28858A3300C35E62 /* Debug */,
				1791EEFB28858A3300C35E62 /* Release */,
			);
			defaultConfigurationIsVisible = 0;
			defaultConfigurationName = Release;
		};
/* End XCConfigurationList section */
	};
	rootObject = 1791EEDD28858A3200C35E62 /* Project object */;
}
